
Microsoft Visual Studio Solution File, Format Version 12.00
# Visual Studio Version 17
VisualStudioVersion = 17.14.36511.14 d17.14
MinimumVisualStudioVersion = 10.0.40219.1
Project("{FAE04EC0-301F-11D3-BF4B-00C04F79EFBC}") = "test", "test\test.csproj", "{F03C5FB6-FEA0-44CD-887F-D99089711F36}"
EndProject
Project("{2150E333-8FDC-42A3-9474-1A3956D46DE8}") = "RepoFiles", "RepoFiles", "{02EA681E-C7D8-13C7-8484-4AC65E1B71E8}"
	ProjectSection(SolutionItems) = preProject
		README.md = README.md
	EndProjectSection
EndProject
Global
	GlobalSection(SolutionConfigurationPlatforms) = preSolution
		Debug|Any CPU = Debug|Any CPU
		Release|Any CPU = Release|Any CPU
	EndGlobalSection
	GlobalSection(ProjectConfigurationPlatforms) = postSolution
		{F03C5FB6-FEA0-44CD-887F-D99089711F36}.Debug|Any CPU.ActiveCfg = Debug|Any CPU
		{F03C5FB6-FEA0-44CD-887F-D99089711F36}.Debug|Any CPU.Build.0 = Debug|Any CPU
		{F03C5FB6-FEA0-44CD-887F-D99089711F36}.Release|Any CPU.ActiveCfg = Release|Any CPU
		{F03C5FB6-FEA0-44CD-887F-D99089711F36}.Release|Any CPU.Build.0 = Release|Any CPU
	EndGlobalSection
	GlobalSection(SolutionProperties) = preSolution
		HideSolutionNode = FALSE
	EndGlobalSection
	GlobalSection(ExtensibilityGlobals) = postSolution
		SolutionGuid = {4EDACDD1-BF0D-418D-B82C-0562E035ED11}
	EndGlobalSection
EndGlobal
